
Microsoft Visual Studio Solution File, Format Version 12.00
# Visual Studio Version 17
VisualStudioVersion = 17.0.31903.59
MinimumVisualStudioVersion = 10.0.40219.1
Project("{FAE04EC0-301F-11D3-BF4B-00C04F79EFBC}") = "VNet.Web", "VNet.Web\VNet.Web.csproj", "{BC307F91-7E06-4BAE-A373-D0D01E1D3EC1}"
EndProject
Project("{2150E333-8FDC-42A3-9474-1A3956D46DE8}") = "Infrastructure", "Infrastructure", "{02EA681E-C7D8-13C7-8484-4AC65E1B71E8}"
EndProject
Project("{FAE04EC0-301F-11D3-BF4B-00C04F79EFBC}") = "VNet.ModuleKit", "VNet.ModuleKit\VNet.ModuleKit.csproj", "{B6D33B37-567D-4B27-A28C-6AAD05C9FB44}"
EndProject
Project("{FAE04EC0-301F-11D3-BF4B-00C04F79EFBC}") = "VNet.EventBus", "VNet.EventBus\VNet.EventBus.csproj", "{5E9CE92A-A12E-4865-9787-558EBCD65D17}"
EndProject
Project("{FAE04EC0-301F-11D3-BF4B-00C04F79EFBC}") = "VNet.EntityFramework.AutoMigration", "VNet.EntityFramework.AutoMigration\VNet.EntityFramework.AutoMigration.csproj", "{6FDAD870-40DB-48B6-96F6-07368F540A8B}"
EndProject
Project("{FAE04EC0-301F-11D3-BF4B-00C04F79EFBC}") = "VNet.Utilites", "VNet.Utilites\VNet.Utilites.csproj", "{2F5026D8-815F-4B9B-A1D4-39C945E39A48}"
EndProject
Project("{FAE04EC0-301F-11D3-BF4B-00C04F79EFBC}") = "VNet.EntityFramework.Extension", "VNet.EntityFramework.Extension\VNet.EntityFramework.Extension.csproj", "{573F671D-3975-4FBB-A6C5-427EDA85FBF2}"
EndProject
Project("{FAE04EC0-301F-11D3-BF4B-00C04F79EFBC}") = "VNet.Web.BaseCore", "VNet.Web.BaseCore\VNet.Web.BaseCore.csproj", "{CA5F07BE-44B6-479F-AC6E-3B4FD0E496AF}"
EndProject
Project("{2150E333-8FDC-42A3-9474-1A3956D46DE8}") = "Modules", "Modules", "{C8A785C6-B465-4BAE-A65A-40EC29D8EAAD}"
EndProject
Global
	GlobalSection(SolutionConfigurationPlatforms) = preSolution
		Debug|Any CPU = Debug|Any CPU
		Release|Any CPU = Release|Any CPU
	EndGlobalSection
	GlobalSection(ProjectConfigurationPlatforms) = postSolution
		{BC307F91-7E06-4BAE-A373-D0D01E1D3EC1}.Debug|Any CPU.ActiveCfg = Debug|Any CPU
		{BC307F91-7E06-4BAE-A373-D0D01E1D3EC1}.Debug|Any CPU.Build.0 = Debug|Any CPU
		{BC307F91-7E06-4BAE-A373-D0D01E1D3EC1}.Release|Any CPU.ActiveCfg = Release|Any CPU
		{BC307F91-7E06-4BAE-A373-D0D01E1D3EC1}.Release|Any CPU.Build.0 = Release|Any CPU
		{B6D33B37-567D-4B27-A28C-6AAD05C9FB44}.Debug|Any CPU.ActiveCfg = Debug|Any CPU
		{B6D33B37-567D-4B27-A28C-6AAD05C9FB44}.Debug|Any CPU.Build.0 = Debug|Any CPU
		{B6D33B37-567D-4B27-A28C-6AAD05C9FB44}.Release|Any CPU.ActiveCfg = Release|Any CPU
		{B6D33B37-567D-4B27-A28C-6AAD05C9FB44}.Release|Any CPU.Build.0 = Release|Any CPU
		{5E9CE92A-A12E-4865-9787-558EBCD65D17}.Debug|Any CPU.ActiveCfg = Debug|Any CPU
		{5E9CE92A-A12E-4865-9787-558EBCD65D17}.Debug|Any CPU.Build.0 = Debug|Any CPU
		{5E9CE92A-A12E-4865-9787-558EBCD65D17}.Release|Any CPU.ActiveCfg = Release|Any CPU
		{5E9CE92A-A12E-4865-9787-558EBCD65D17}.Release|Any CPU.Build.0 = Release|Any CPU
		{6FDAD870-40DB-48B6-96F6-07368F540A8B}.Debug|Any CPU.ActiveCfg = Debug|Any CPU
		{6FDAD870-40DB-48B6-96F6-07368F540A8B}.Debug|Any CPU.Build.0 = Debug|Any CPU
		{6FDAD870-40DB-48B6-96F6-07368F540A8B}.Release|Any CPU.ActiveCfg = Release|Any CPU
		{6FDAD870-40DB-48B6-96F6-07368F540A8B}.Release|Any CPU.Build.0 = Release|Any CPU
		{2F5026D8-815F-4B9B-A1D4-39C945E39A48}.Debug|Any CPU.ActiveCfg = Debug|Any CPU
		{2F5026D8-815F-4B9B-A1D4-39C945E39A48}.Debug|Any CPU.Build.0 = Debug|Any CPU
		{2F5026D8-815F-4B9B-A1D4-39C945E39A48}.Release|Any CPU.ActiveCfg = Release|Any CPU
		{2F5026D8-815F-4B9B-A1D4-39C945E39A48}.Release|Any CPU.Build.0 = Release|Any CPU
		{573F671D-3975-4FBB-A6C5-427EDA85FBF2}.Debug|Any CPU.ActiveCfg = Debug|Any CPU
		{573F671D-3975-4FBB-A6C5-427EDA85FBF2}.Debug|Any CPU.Build.0 = Debug|Any CPU
		{573F671D-3975-4FBB-A6C5-427EDA85FBF2}.Release|Any CPU.ActiveCfg = Release|Any CPU
		{573F671D-3975-4FBB-A6C5-427EDA85FBF2}.Release|Any CPU.Build.0 = Release|Any CPU
		{CA5F07BE-44B6-479F-AC6E-3B4FD0E496AF}.Debug|Any CPU.ActiveCfg = Debug|Any CPU
		{CA5F07BE-44B6-479F-AC6E-3B4FD0E496AF}.Debug|Any CPU.Build.0 = Debug|Any CPU
		{CA5F07BE-44B6-479F-AC6E-3B4FD0E496AF}.Release|Any CPU.ActiveCfg = Release|Any CPU
		{CA5F07BE-44B6-479F-AC6E-3B4FD0E496AF}.Release|Any CPU.Build.0 = Release|Any CPU
	EndGlobalSection
	GlobalSection(SolutionProperties) = preSolution
		HideSolutionNode = FALSE
	EndGlobalSection
	GlobalSection(NestedProjects) = preSolution
		{B6D33B37-567D-4B27-A28C-6AAD05C9FB44} = {02EA681E-C7D8-13C7-8484-4AC65E1B71E8}
		{5E9CE92A-A12E-4865-9787-558EBCD65D17} = {02EA681E-C7D8-13C7-8484-4AC65E1B71E8}
		{6FDAD870-40DB-48B6-96F6-07368F540A8B} = {02EA681E-C7D8-13C7-8484-4AC65E1B71E8}
		{2F5026D8-815F-4B9B-A1D4-39C945E39A48} = {02EA681E-C7D8-13C7-8484-4AC65E1B71E8}
		{573F671D-3975-4FBB-A6C5-427EDA85FBF2} = {02EA681E-C7D8-13C7-8484-4AC65E1B71E8}
	EndGlobalSection
	GlobalSection(ExtensibilityGlobals) = postSolution
		SolutionGuid = {3C26094A-9F3E-4C7B-A34E-B40C68CB7C58}
	EndGlobalSection
EndGlobal
